{
  "name": "videojs-video-element",
  "version": "0.3.0",
  "lockfileVersion": 3,
  "requires": true,
  "packages": {
    "": {
      "name": "videojs-video-element",
      "version": "0.3.0",
      "license": "MIT",
      "dependencies": {
        "super-media-element": "^0.4.0"
      },
      "devDependencies": {
        "wet-run": "^0.0.7"
      }
    },
    "node_modules/playwright-core": {
      "version": "1.32.1",
      "resolved": "https://registry.npmjs.org/playwright-core/-/playwright-core-1.32.1.tgz",
      "integrity": "sha512-KZYUQC10mXD2Am1rGlidaalNGYk3LU1vZqqNk0gT4XPty1jOqgup8KDP8l2CUlqoNKhXM5IfGjWgW37xvGllBA==",
      "dev": true,
      "bin": {
        "playwright": "cli.js"
      },
      "engines": {
        "node": ">=14"
      }
    },
    "node_modules/super-media-element": {
      "version": "0.4.2",
      "resolved": "https://registry.npmjs.org/super-media-element/-/super-media-element-0.4.2.tgz",
      "integrity": "sha512-KESwFpOizQowbSLr+zBO4xjQ1ioBmsQXiHY5u2aYU11Z7lLNRHPp/zZA/M+AH8r5PjNfZqhA0W1OHNNNEyQ/nA=="
    },
    "node_modules/wet-run": {
      "version": "0.0.7",
      "resolved": "https://registry.npmjs.org/wet-run/-/wet-run-0.0.7.tgz",
      "integrity": "sha512-54B2yFjUBT7+FEeNmHwdYSzxUog0izw309wtUVx1mISrRFqTxeM44F30vS302/2OUuHpkg+R7tBaAv4b4On1EQ==",
      "dev": true,
      "dependencies": {
        "playwright-core": "^1.31.1"
      },
      "bin": {
        "wet": "src/cli.js"
      },
      "engines": {
        "node": ">=18.3.0"
      }
    }
  }
}
