{
  "name": "videojs-video-element",
  "version": "0.2.0",
  "lockfileVersion": 2,
  "requires": true,
  "packages": {
    "": {
      "name": "videojs-video-element",
      "version": "0.2.0",
      "license": "MIT",
      "dependencies": {
        "super-media-element": "^0.4.0"
      },
      "devDependencies": {
        "wet-run": "^0.0.7"
      }
    },
    "../super-media-element": {
      "version": "0.0.1",
      "extraneous": true,
      "license": "MIT",
      "devDependencies": {
        "@open-wc/testing": "^3.0.3",
        "@web/test-runner": "^0.13.28",
        "esbuild": "^0.14.41",
        "eslint": "^8.17.0",
        "np": "^7.5.0",
        "prettier": "^2.6.2"
      }
    },
    "node_modules/playwright-core": {
      "version": "1.32.1",
      "resolved": "https://registry.npmjs.org/playwright-core/-/playwright-core-1.32.1.tgz",
      "integrity": "sha512-KZYUQC10mXD2Am1rGlidaalNGYk3LU1vZqqNk0gT4XPty1jOqgup8KDP8l2CUlqoNKhXM5IfGjWgW37xvGllBA==",
      "dev": true,
      "bin": {
        "playwright": "cli.js"
      },
      "engines": {
        "node": ">=14"
      }
    },
    "node_modules/super-media-element": {
      "version": "0.4.0",
      "resolved": "https://registry.npmjs.org/super-media-element/-/super-media-element-0.4.0.tgz",
      "integrity": "sha512-MH6lUfJGJw2sUUuc6WFoUWQACe903P6Lbbvxnd+4sinu1JOVjPtEMMpUsduecswcmU/uCTyoBvRp3Fh3oqEGpQ=="
    },
    "node_modules/wet-run": {
      "version": "0.0.7",
      "resolved": "https://registry.npmjs.org/wet-run/-/wet-run-0.0.7.tgz",
      "integrity": "sha512-54B2yFjUBT7+FEeNmHwdYSzxUog0izw309wtUVx1mISrRFqTxeM44F30vS302/2OUuHpkg+R7tBaAv4b4On1EQ==",
      "dev": true,
      "dependencies": {
        "playwright-core": "^1.31.1"
      },
      "bin": {
        "wet": "src/cli.js"
      },
      "engines": {
        "node": ">=18.3.0"
      }
    }
  },
  "dependencies": {
    "playwright-core": {
      "version": "1.32.1",
      "resolved": "https://registry.npmjs.org/playwright-core/-/playwright-core-1.32.1.tgz",
      "integrity": "sha512-KZYUQC10mXD2Am1rGlidaalNGYk3LU1vZqqNk0gT4XPty1jOqgup8KDP8l2CUlqoNKhXM5IfGjWgW37xvGllBA==",
      "dev": true
    },
    "super-media-element": {
      "version": "0.4.0",
      "resolved": "https://registry.npmjs.org/super-media-element/-/super-media-element-0.4.0.tgz",
      "integrity": "sha512-MH6lUfJGJw2sUUuc6WFoUWQACe903P6Lbbvxnd+4sinu1JOVjPtEMMpUsduecswcmU/uCTyoBvRp3Fh3oqEGpQ=="
    },
    "wet-run": {
      "version": "0.0.7",
      "resolved": "https://registry.npmjs.org/wet-run/-/wet-run-0.0.7.tgz",
      "integrity": "sha512-54B2yFjUBT7+FEeNmHwdYSzxUog0izw309wtUVx1mISrRFqTxeM44F30vS302/2OUuHpkg+R7tBaAv4b4On1EQ==",
      "dev": true,
      "requires": {
        "playwright-core": "^1.31.1"
      }
    }
  }
}
